// !$*UTF8*$!
{
	archiveVersion = 1;
	classes = {
	};
	objectVersion = 50;
	objects = {

/* Begin PBXBuildFile section */
		442B8F7B23C0CC3E0083BCF9 /* AppDelegate.swift in Sources */ = {isa = PBXBuildFile; fileRef = 442B8F7A23C0CC3E0083BCF9 /* AppDelegate.swift */; };
		442B8F7D23C0CC3E0083BCF9 /* SceneDelegate.swift in Sources */ = {isa = PBXBuildFile; fileRef = 442B8F7C23C0CC3E0083BCF9 /* SceneDelegate.swift */; };
		442B8F7F23C0CC3E0083BCF9 /* ContentView.swift in Sources */ = {isa = PBXBuildFile; fileRef = 442B8F7E23C0CC3E0083BCF9 /* ContentView.swift */; };
		442B8F8123C0CC430083BCF9 /* Assets.xcassets in Resources */ = {isa = PBXBuildFile; fileRef = 442B8F8023C0CC430083BCF9 /* Assets.xcassets */; };
		442B8F8423C0CC430083BCF9 /* Preview Assets.xcassets in Resources */ = {isa = PBXBuildFile; fileRef = 442B8F8323C0CC430083BCF9 /* Preview Assets.xcassets */; };
		442B8F8723C0CC430083BCF9 /* LaunchScreen.storyboard in Resources */ = {isa = PBXBuildFile; fileRef = 442B8F8523C0CC430083BCF9 /* LaunchScreen.storyboard */; };
		442B8F8F23C0CCE20083BCF9 /* Object.swift in Sources */ = {isa = PBXBuildFile; fileRef = 442B8F8E23C0CCE20083BCF9 /* Object.swift */; };
/* End PBXBuildFile section */

/* Begin PBXFileReference section */
		442B8F7723C0CC3E0083BCF9 /* Finder.app */ = {isa = PBXFileReference; explicitFileType = wrapper.application; includeInIndex = 0; path = Finder.app; sourceTree = BUILT_PRODUCTS_DIR; };
		442B8F7A23C0CC3E0083BCF9 /* AppDelegate.swift */ = {isa = PBXFileReference; lastKnownFileType = sourcecode.swift; path = AppDelegate.swift; sourceTree = "<group>"; };
		442B8F7C23C0CC3E0083BCF9 /* SceneDelegate.swift */ = {isa = PBXFileReference; lastKnownFileType = sourcecode.swift; path = SceneDelegate.swift; sourceTree = "<group>"; };
		442B8F7E23C0CC3E0083BCF9 /* ContentView.swift */ = {isa = PBXFileReference; lastKnownFileType = sourcecode.swift; path = ContentView.swift; sourceTree = "<group>"; };
		442B8F8023C0CC430083BCF9 /* Assets.xcassets */ = {isa = PBXFileReference; lastKnownFileType = folder.assetcatalog; path = Assets.xcassets; sourceTree = "<group>"; };
		442B8F8323C0CC430083BCF9 /* Preview Assets.xcassets */ = {isa = PBXFileReference; lastKnownFileType = folder.assetcatalog; path = "Preview Assets.xcassets"; sourceTree = "<group>"; };
		442B8F8623C0CC430083BCF9 /* Base */ = {isa = PBXFileReference; lastKnownFileType = file.storyboard; name = Base; path = Base.lproj/LaunchScreen.storyboard; sourceTree = "<group>"; };
		442B8F8823C0CC430083BCF9 /* Info.plist */ = {isa = PBXFileReference; lastKnownFileType = text.plist.xml; path = Info.plist; sourceTree = "<group>"; };
		442B8F8E23C0CCE20083BCF9 /* Object.swift */ = {isa = PBXFileReference; lastKnownFileType = sourcecode.swift; path = Object.swift; sourceTree = "<group>"; };
		44B8B9E423C0FCE70045C787 /* Finder.entitlements */ = {isa = PBXFileReference; lastKnownFileType = text.plist.entitlements; path = Finder.entitlements; sourceTree = "<group>"; };
/* End PBXFileReference section */

/* Begin PBXFrameworksBuildPhase section */
		442B8F7423C0CC3E0083BCF9 /* Frameworks */ = {
			isa = PBXFrameworksBuildPhase;
			buildActionMask = 2147483647;
			files = (
			);
			runOnlyForDeploymentPostprocessing = 0;
		};
/* End PBXFrameworksBuildPhase section */

/* Begin PBXGroup section */
		442B8F6E23C0CC3E0083BCF9 = {
			isa = PBXGroup;
			children = (
				442B8F7923C0CC3E0083BCF9 /* Finder */,
				442B8F7823C0CC3E0083BCF9 /* Products */,
			);
			sourceTree = "<group>";
		};
		442B8F7823C0CC3E0083BCF9 /* Products */ = {
			isa = PBXGroup;
			children = (
				442B8F7723C0CC3E0083BCF9 /* Finder.app */,
			);
			name = Products;
			sourceTree = "<group>";
		};
		442B8F7923C0CC3E0083BCF9 /* Finder */ = {
			isa = PBXGroup;
			children = (
				44B8B9E423C0FCE70045C787 /* Finder.entitlements */,
				442B8F8E23C0CCE20083BCF9 /* Object.swift */,
				442B8F7A23C0CC3E0083BCF9 /* AppDelegate.swift */,
				442B8F7C23C0CC3E0083BCF9 /* SceneDelegate.swift */,
				442B8F7E23C0CC3E0083BCF9 /* ContentView.swift */,
				442B8F8023C0CC430083BCF9 /* Assets.xcassets */,
				442B8F8523C0CC430083BCF9 /* LaunchScreen.storyboard */,
				442B8F8823C0CC430083BCF9 /* Info.plist */,
				442B8F8223C0CC430083BCF9 /* Preview Content */,
			);
			path = Finder;
			sourceTree = "<group>";
		};
		442B8F8223C0CC430083BCF9 /* Preview Content */ = {
			isa = PBXGroup;
			children = (
				442B8F8323C0CC430083BCF9 /* Preview Assets.xcassets */,
			);
			path = "Preview Content";
			sourceTree = "<group>";
		};
/* End PBXGroup section */

/* Begin PBXNativeTarget section */
		442B8F7623C0CC3E0083BCF9 /* Finder */ = {
			isa = PBXNativeTarget;
			buildConfigurationList = 442B8F8B23C0CC430083BCF9 /* Build configuration list for PBXNativeTarget "Finder" */;
			buildPhases = (
				442B8F7323C0CC3E0083BCF9 /* Sources */,
				442B8F7423C0CC3E0083BCF9 /* Frameworks */,
				442B8F7523C0CC3E0083BCF9 /* Resources */,
			);
			buildRules = (
			);
			dependencies = (
			);
			name = Finder;
			productName = Finder;
			productReference = 442B8F7723C0CC3E0083BCF9 /* Finder.app */;
			productType = "com.apple.product-type.application";
		};
/* End PBXNativeTarget section */

/* Begin PBXProject section */
		442B8F6F23C0CC3E0083BCF9 /* Project object */ = {
			isa = PBXProject;
			attributes = {
				LastSwiftUpdateCheck = 1130;
				LastUpgradeCheck = 1130;
				ORGANIZATIONNAME = AVL;
				TargetAttributes = {
					442B8F7623C0CC3E0083BCF9 = {
						CreatedOnToolsVersion = 11.3;
					};
				};
			};
			buildConfigurationList = 442B8F7223C0CC3E0083BCF9 /* Build configuration list for PBXProject "Finder" */;
			compatibilityVersion = "Xcode 9.3";
			developmentRegion = en;
			hasScannedForEncodings = 0;
			knownRegions = (
				en,
				Base,
			);
			mainGroup = 442B8F6E23C0CC3E0083BCF9;
			productRefGroup = 442B8F7823C0CC3E0083BCF9 /* Products */;
			projectDirPath = "";
			projectRoot = "";
			targets = (
				442B8F7623C0CC3E0083BCF9 /* Finder */,
			);
		};
/* End PBXProject section */

/* Begin PBXResourcesBuildPhase section */
		442B8F7523C0CC3E0083BCF9 /* Resources */ = {
			isa = PBXResourcesBuildPhase;
			buildActionMask = 2147483647;
			files = (
				442B8F8723C0CC430083BCF9 /* LaunchScreen.storyboard in Resources */,
				442B8F8423C0CC430083BCF9 /* Preview Assets.xcassets in Resources */,
				442B8F8123C0CC430083BCF9 /* Assets.xcassets in Resources */,
			);
			runOnlyForDeploymentPostprocessing = 0;
		};
/* End PBXResourcesBuildPhase section */

/* Begin PBXSourcesBuildPhase section */
		442B8F7323C0CC3E0083BCF9 /* Sources */ = {
			isa = PBXSourcesBuildPhase;
			buildActionMask = 2147483647;
			files = (
				442B8F7B23C0CC3E0083BCF9 /* AppDelegate.swift in Sources */,
				442B8F7D23C0CC3E0083BCF9 /* SceneDelegate.swift in Sources */,
				442B8F8F23C0CCE20083BCF9 /* Object.swift in Sources */,
				442B8F7F23C0CC3E0083BCF9 /* ContentView.swift in Sources */,
			);
			runOnlyForDeploymentPostprocessing = 0;
		};
/* End PBXSourcesBuildPhase section */

/* Begin PBXVariantGroup section */
		442B8F8523C0CC430083BCF9 /* LaunchScreen.storyboard */ = {
			isa = PBXVariantGroup;
			children = (
				442B8F8623C0CC430083BCF9 /* Base */,
			);
			name = LaunchScreen.storyboard;
			sourceTree = "<group>";
		};
/* End PBXVariantGroup section */

/* Begin XCBuildConfiguration section */
		442B8F8923C0CC430083BCF9 /* Debug */ = {
			isa = XCBuildConfiguration;
			buildSettings = {
				ALWAYS_SEARCH_USER_PATHS = NO;
				CLANG_ANALYZER_NONNULL = YES;
				CLANG_ANALYZER_NUMBER_OBJECT_CONVERSION = YES_AGGRESSIVE;
				CLANG_CXX_LANGUAGE_STANDARD = "gnu++14";
				CLANG_CXX_LIBRARY = "libc++";
				CLANG_ENABLE_MODULES = YES;
				CLANG_ENABLE_OBJC_ARC = YES;
				CLANG_ENABLE_OBJC_WEAK = YES;
				CLANG_WARN_BLOCK_CAPTURE_AUTORELEASING = YES;
				CLANG_WARN_BOOL_CONVERSION = YES;
				CLANG_WARN_COMMA = YES;
				CLANG_WARN_CONSTANT_CONVERSION = YES;
				CLANG_WARN_DEPRECATED_OBJC_IMPLEMENTATIONS = YES;
				CLANG_WARN_DIRECT_OBJC_ISA_USAGE = YES_ERROR;
				CLANG_WARN_DOCUMENTATION_COMMENTS = YES;
				CLANG_WARN_EMPTY_BODY = YES;
				CLANG_WARN_ENUM_CONVERSION = YES;
				CLANG_WARN_INFINITE_RECURSION = YES;
				CLANG_WARN_INT_CONVERSION = YES;
				CLANG_WARN_NON_LITERAL_NULL_CONVERSION = YES;
				CLANG_WARN_OBJC_IMPLICIT_RETAIN_SELF = YES;
				CLANG_WARN_OBJC_LITERAL_CONVERSION = YES;
				CLANG_WARN_OBJC_ROOT_CLASS = YES_ERROR;
				CLANG_WARN_RANGE_LOOP_ANALYSIS = YES;
				CLANG_WARN_STRICT_PROTOTYPES = YES;
				CLANG_WARN_SUSPICIOUS_MOVE = YES;
				CLANG_WARN_UNGUARDED_AVAILABILITY = YES_AGGRESSIVE;
				CLANG_WARN_UNREACHABLE_CODE = YES;
				CLANG_WARN__DUPLICATE_METHOD_MATCH = YES;
				COPY_PHASE_STRIP = NO;
				DEBUG_INFORMATION_FORMAT = dwarf;
				ENABLE_STRICT_OBJC_MSGSEND = YES;
				ENABLE_TESTABILITY = YES;
				GCC_C_LANGUAGE_STANDARD = gnu11;
				GCC_DYNAMIC_NO_PIC = NO;
				GCC_NO_COMMON_BLOCKS = YES;
				GCC_OPTIMIZATION_LEVEL = 0;
				GCC_PREPROCESSOR_DEFINITIONS = (
					"DEBUG=1",
					"$(inherited)",
				);
				GCC_WARN_64_TO_32_BIT_CONVERSION = YES;
				GCC_WARN_ABOUT_RETURN_TYPE = YES_ERROR;
				GCC_WARN_UNDECLARED_SELECTOR = YES;
				GCC_WARN_UNINITIALIZED_AUTOS = YES_AGGRESSIVE;
				GCC_WARN_UNUSED_FUNCTION = YES;
				GCC_WARN_UNUSED_VARIABLE = YES;
				IPHONEOS_DEPLOYMENT_TARGET = 13.2;
				MTL_ENABLE_DEBUG_INFO = INCLUDE_SOURCE;
				MTL_FAST_MATH = YES;
				ONLY_ACTIVE_ARCH = YES;
				SDKROOT = iphoneos;
				SWIFT_ACTIVE_COMPILATION_CONDITIONS = DEBUG;
				SWIFT_OPTIMIZATION_LEVEL = "-Onone";
			};
			name = Debug;
		};
		442B8F8A23C0CC430083BCF9 /* Release */ = {
			isa = XCBuildConfiguration;
			buildSettings = {
				ALWAYS_SEARCH_USER_PATHS = NO;
				CLANG_ANALYZER_NONNULL = YES;
				CLANG_ANALYZER_NUMBER_OBJECT_CONVERSION = YES_AGGRESSIVE;
				CLANG_CXX_LANGUAGE_STANDARD = "gnu++14";
				CLANG_CXX_LIBRARY = "libc++";
				CLANG_ENABLE_MODULES = YES;
				CLANG_ENABLE_OBJC_ARC = YES;
				CLANG_ENABLE_OBJC_WEAK = YES;
				CLANG_WARN_BLOCK_CAPTURE_AUTORELEASING = YES;
				CLANG_WARN_BOOL_CONVERSION = YES;
				CLANG_WARN_COMMA = YES;
				CLANG_WARN_CONSTANT_CONVERSION = YES;
				CLANG_WARN_DEPRECATED_OBJC_IMPLEMENTATIONS = YES;
				CLANG_WARN_DIRECT_OBJC_ISA_USAGE = YES_ERROR;
				CLANG_WARN_DOCUMENTATION_COMMENTS = YES;
				CLANG_WARN_EMPTY_BODY = YES;
				CLANG_WARN_ENUM_CONVERSION = YES;
				CLANG_WARN_INFINITE_RECURSION = YES;
				CLANG_WARN_INT_CONVERSION = YES;
				CLANG_WARN_NON_LITERAL_NULL_CONVERSION = YES;
				CLANG_WARN_OBJC_IMPLICIT_RETAIN_SELF = YES;
				CLANG_WARN_OBJC_LITERAL_CONVERSION = YES;
				CLANG_WARN_OBJC_ROOT_CLASS = YES_ERROR;
				CLANG_WARN_RANGE_LOOP_ANALYSIS = YES;
				CLANG_WARN_STRICT_PROTOTYPES = YES;
				CLANG_WARN_SUSPICIOUS_MOVE = YES;
				CLANG_WARN_UNGUARDED_AVAILABILITY = YES_AGGRESSIVE;
				CLANG_WARN_UNREACHABLE_CODE = YES;
				CLANG_WARN__DUPLICATE_METHOD_MATCH = YES;
				COPY_PHASE_STRIP = NO;
				DEBUG_INFORMATION_FORMAT = "dwarf-with-dsym";
				ENABLE_NS_ASSERTIONS = NO;
				ENABLE_STRICT_OBJC_MSGSEND = YES;
				GCC_C_LANGUAGE_STANDARD = gnu11;
				GCC_NO_COMMON_BLOCKS = YES;
				GCC_WARN_64_TO_32_BIT_CONVERSION = YES;
				GCC_WARN_ABOUT_RETURN_TYPE = YES_ERROR;
				GCC_WARN_UNDECLARED_SELECTOR = YES;
				GCC_WARN_UNINITIALIZED_AUTOS = YES_AGGRESSIVE;
				GCC_WARN_UNUSED_FUNCTION = YES;
				GCC_WARN_UNUSED_VARIABLE = YES;
				IPHONEOS_DEPLOYMENT_TARGET = 13.2;
				MTL_ENABLE_DEBUG_INFO = NO;
				MTL_FAST_MATH = YES;
				SDKROOT = iphoneos;
				SWIFT_COMPILATION_MODE = wholemodule;
				SWIFT_OPTIMIZATION_LEVEL = "-O";
				VALIDATE_PRODUCT = YES;
			};
			name = Release;
		};
		442B8F8C23C0CC430083BCF9 /* Debug */ = {
			isa = XCBuildConfiguration;
			buildSettings = {
				ASSETCATALOG_COMPILER_APPICON_NAME = AppIcon;
				CODE_SIGN_ENTITLEMENTS = Finder/Finder.entitlements;
				CODE_SIGN_STYLE = Automatic;
				DERIVE_MACCATALYST_PRODUCT_BUNDLE_IDENTIFIER = YES;
				DEVELOPMENT_ASSET_PATHS = "\"Finder/Preview Content\"";
				DEVELOPMENT_TEAM = W6RB25ZNB7;
				ENABLE_PREVIEWS = YES;
				INFOPLIST_FILE = Finder/Info.plist;
				LD_RUNPATH_SEARCH_PATHS = (
					"$(inherited)",
					"@executable_path/Frameworks",
				);
				PRODUCT_BUNDLE_IDENTIFIER = com.avltree9798.Finder;
				PRODUCT_NAME = "$(TARGET_NAME)";
				SUPPORTS_MACCATALYST = YES;
				SWIFT_VERSION = 5.0;
				TARGETED_DEVICE_FAMILY = "1,2";
			};
			name = Debug;
		};
		442B8F8D23C0CC430083BCF9 /* Release */ = {
			isa = XCBuildConfiguration;
			buildSettings = {
				ASSETCATALOG_COMPILER_APPICON_NAME = AppIcon;
				CODE_SIGN_ENTITLEMENTS = Finder/Finder.entitlements;
				CODE_SIGN_STYLE = Automatic;
				DERIVE_MACCATALYST_PRODUCT_BUNDLE_IDENTIFIER = YES;
				DEVELOPMENT_ASSET_PATHS = "\"Finder/Preview Content\"";
				DEVELOPMENT_TEAM = W6RB25ZNB7;
				ENABLE_PREVIEWS = YES;
				INFOPLIST_FILE = Finder/Info.plist;
				LD_RUNPATH_SEARCH_PATHS = (
					"$(inherited)",
					"@executable_path/Frameworks",
				);
				PRODUCT_BUNDLE_IDENTIFIER = com.avltree9798.Finder;
				PRODUCT_NAME = "$(TARGET_NAME)";
				SUPPORTS_MACCATALYST = YES;
				SWIFT_VERSION = 5.0;
				TARGETED_DEVICE_FAMILY = "1,2";
			};
			name = Release;
		};
/* End XCBuildConfiguration section */

/* Begin XCConfigurationList section */
		442B8F7223C0CC3E0083BCF9 /* Build configuration list for PBXProject "Finder" */ = {
			isa = XCConfigurationList;
			buildConfigurations = (
				442B8F8923C0CC430083BCF9 /* Debug */,
				442B8F8A23C0CC430083BCF9 /* Release */,
			);
			defaultConfigurationIsVisible = 0;
			defaultConfigurationName = Release;
		};
		442B8F8B23C0CC430083BCF9 /* Build configuration list for PBXNativeTarget "Finder" */ = {
			isa = XCConfigurationList;
			buildConfigurations = (
				442B8F8C23C0CC430083BCF9 /* Debug */,
				442B8F8D23C0CC430083BCF9 /* Release */,
			);
			defaultConfigurationIsVisible = 0;
			defaultConfigurationName = Release;
		};
/* End XCConfigurationList section */
	};
	rootObject = 442B8F6F23C0CC3E0083BCF9 /* Project object */;
}
